
Microsoft Visual Studio Solution File, Format Version 12.00
# Visual Studio Version 17
VisualStudioVersion = 17.4.33122.133
MinimumVisualStudioVersion = 10.0.40219.1
Project("{FAE04EC0-301F-11D3-BF4B-00C04F79EFBC}") = "WhoIsTalking", "WhoIsTalking\WhoIsTalking.csproj", "{9279AA8A-6221-40D9-B2CB-F2BA2B52CFC0}"
EndProject
Global
	GlobalSection(SolutionConfigurationPlatforms) = preSolution
		Debug|Any CPU = Debug|Any CPU
		Release|Any CPU = Release|Any CPU
	EndGlobalSection
	GlobalSection(ProjectConfigurationPlatforms) = postSolution
		{9279AA8A-6221-40D9-B2CB-F2BA2B52CFC0}.Debug|Any CPU.ActiveCfg = Debug|Any CPU
		{9279AA8A-6221-40D9-B2CB-F2BA2B52CFC0}.Debug|Any CPU.Build.0 = Debug|Any CPU
		{9279AA8A-6221-40D9-B2CB-F2BA2B52CFC0}.Release|Any CPU.ActiveCfg = Release|Any CPU
		{9279AA8A-6221-40D9-B2CB-F2BA2B52CFC0}.Release|Any CPU.Build.0 = Release|Any CPU
	EndGlobalSection
	GlobalSection(SolutionProperties) = preSolution
		HideSolutionNode = FALSE
	EndGlobalSection
	GlobalSection(ExtensibilityGlobals) = postSolution
		SolutionGuid = {0CFEDC61-C1E8-4875-AB60-C207D5DCD1C9}
	EndGlobalSection
EndGlobal
